
Microsoft Visual Studio Solution File, Format Version 12.00
# Visual Studio Version 17
VisualStudioVersion = 17.6.33829.357
MinimumVisualStudioVersion = 10.0.40219.1
Project("{8BC9CEB8-8B4A-11D0-8D11-00A0C91BC942}") = "Task1 Area Calculator", "Task1 Area Calculator.vcxproj", "{707EF160-06F5-4F05-A0F8-1015E27DCA4D}"
EndProject
Global
	GlobalSection(SolutionConfigurationPlatforms) = preSolution
		Debug|x64 = Debug|x64
		Debug|x86 = Debug|x86
		Release|x64 = Release|x64
		Release|x86 = Release|x86
	EndGlobalSection
	GlobalSection(ProjectConfigurationPlatforms) = postSolution
		{707EF160-06F5-4F05-A0F8-1015E27DCA4D}.Debug|x64.ActiveCfg = Debug|x64
		{707EF160-06F5-4F05-A0F8-1015E27DCA4D}.Debug|x64.Build.0 = Debug|x64
		{707EF160-06F5-4F05-A0F8-1015E27DCA4D}.Debug|x86.ActiveCfg = Debug|Win32
		{707EF160-06F5-4F05-A0F8-1015E27DCA4D}.Debug|x86.Build.0 = Debug|Win32
		{707EF160-06F5-4F05-A0F8-1015E27DCA4D}.Release|x64.ActiveCfg = Release|x64
		{707EF160-06F5-4F05-A0F8-1015E27DCA4D}.Release|x64.Build.0 = Release|x64
		{707EF160-06F5-4F05-A0F8-1015E27DCA4D}.Release|x86.ActiveCfg = Release|Win32
		{707EF160-06F5-4F05-A0F8-1015E27DCA4D}.Release|x86.Build.0 = Release|Win32
	EndGlobalSection
	GlobalSection(SolutionProperties) = preSolution
		HideSolutionNode = FALSE
	EndGlobalSection
	GlobalSection(ExtensibilityGlobals) = postSolution
		SolutionGuid = {60D4ADA4-EE0D-40AD-9116-8B1C2F498DDD}
	EndGlobalSection
EndGlobal
